
Microsoft Visual Studio Solution File, Format Version 12.00
# Visual Studio Version 17
VisualStudioVersion = 17.3.32922.545
MinimumVisualStudioVersion = 10.0.40219.1
Project("{FAE04EC0-301F-11D3-BF4B-00C04F79EFBC}") = "Lesson 6 2023_04_21", "Lesson 6 2023_04_21\Lesson 6 2023_04_21.csproj", "{C587983D-0E9F-46FB-BC5B-A3EF9D1E9D25}"
EndProject
Global
	GlobalSection(SolutionConfigurationPlatforms) = preSolution
		Debug|Any CPU = Debug|Any CPU
		Release|Any CPU = Release|Any CPU
	EndGlobalSection
	GlobalSection(ProjectConfigurationPlatforms) = postSolution
		{C587983D-0E9F-46FB-BC5B-A3EF9D1E9D25}.Debug|Any CPU.ActiveCfg = Debug|Any CPU
		{C587983D-0E9F-46FB-BC5B-A3EF9D1E9D25}.Debug|Any CPU.Build.0 = Debug|Any CPU
		{C587983D-0E9F-46FB-BC5B-A3EF9D1E9D25}.Release|Any CPU.ActiveCfg = Release|Any CPU
		{C587983D-0E9F-46FB-BC5B-A3EF9D1E9D25}.Release|Any CPU.Build.0 = Release|Any CPU
	EndGlobalSection
	GlobalSection(SolutionProperties) = preSolution
		HideSolutionNode = FALSE
	EndGlobalSection
	GlobalSection(ExtensibilityGlobals) = postSolution
		SolutionGuid = {14EDDF78-1903-4EEE-9FF2-E31B8E9FCBD2}
	EndGlobalSection
EndGlobal
